
Microsoft Visual Studio Solution File, Format Version 12.00
# Visual Studio 15
VisualStudioVersion = 15.0.27130.2010
MinimumVisualStudioVersion = 10.0.40219.1
Project("{FAE04EC0-301F-11D3-BF4B-00C04F79EFBC}") = "FlowCalibration", "FlowCalibration\FlowCalibration.csproj", "{3C77199F-7A0E-4EC1-83E5-418A5313A24D}"
EndProject
Project("{FAE04EC0-301F-11D3-BF4B-00C04F79EFBC}") = "Model", "Model\Model.csproj", "{0BA4C8A9-AB5D-4838-B17A-EFA2DBFB7D75}"
EndProject
Project("{54435603-DBB4-11D2-8724-00A0C9A8B90C}") = "SetupFlowCalibration", "SetupFlowCalibration\SetupFlowCalibration.vdproj", "{56DCE9AD-18C4-465D-B082-A5B07498FFB8}"
EndProject
Global
	GlobalSection(SolutionConfigurationPlatforms) = preSolution
		Debug|Any CPU = Debug|Any CPU
		Release|Any CPU = Release|Any CPU
	EndGlobalSection
	GlobalSection(ProjectConfigurationPlatforms) = postSolution
		{3C77199F-7A0E-4EC1-83E5-418A5313A24D}.Debug|Any CPU.ActiveCfg = Debug|Any CPU
		{3C77199F-7A0E-4EC1-83E5-418A5313A24D}.Debug|Any CPU.Build.0 = Debug|Any CPU
		{3C77199F-7A0E-4EC1-83E5-418A5313A24D}.Release|Any CPU.ActiveCfg = Release|Any CPU
		{3C77199F-7A0E-4EC1-83E5-418A5313A24D}.Release|Any CPU.Build.0 = Release|Any CPU
		{0BA4C8A9-AB5D-4838-B17A-EFA2DBFB7D75}.Debug|Any CPU.ActiveCfg = Debug|Any CPU
		{0BA4C8A9-AB5D-4838-B17A-EFA2DBFB7D75}.Debug|Any CPU.Build.0 = Debug|Any CPU
		{0BA4C8A9-AB5D-4838-B17A-EFA2DBFB7D75}.Release|Any CPU.ActiveCfg = Release|Any CPU
		{0BA4C8A9-AB5D-4838-B17A-EFA2DBFB7D75}.Release|Any CPU.Build.0 = Release|Any CPU
		{56DCE9AD-18C4-465D-B082-A5B07498FFB8}.Debug|Any CPU.ActiveCfg = Debug
		{56DCE9AD-18C4-465D-B082-A5B07498FFB8}.Release|Any CPU.ActiveCfg = Release
	EndGlobalSection
	GlobalSection(SolutionProperties) = preSolution
		HideSolutionNode = FALSE
	EndGlobalSection
	GlobalSection(ExtensibilityGlobals) = postSolution
		SolutionGuid = {A714DE08-FCEC-4F3D-9F01-B8061078E81F}
	EndGlobalSection
EndGlobal
